<Solution>
  <Folder Name="/SolutionItems/">
    <File Path=".gitignore" />
    <File Path="commands.txt" />
  </Folder>
  <Folder Name="/src/" />
  <Project Path="src/Core/VirtualWallet.Application/VirtualWallet.Application.csproj" Id="6ad85f9f-6ee8-465f-b7b0-64f9ea218788" />
  <Project Path="src/Core/VirtualWallet.Domain/VirtualWallet.Domain.csproj" Id="b3322fad-2494-4ac2-b09a-e1c787ce3f72" />
  <Project Path="src/Infrastructure/VirtualWallet.Infrastructure/VirtualWallet.Infrastructure.csproj" Id="84cb4ad1-51bc-40ca-a14f-dfb594d8b8d7" />
  <Project Path="src/Presentation/VirtualWallet.Api/VirtualWallet.Api.csproj" Id="9dba8a2a-e195-4c7f-afc9-9b5543671362" />
</Solution>
